{
  "lockfileVersion": 1,
  "configVersion": 1,
  "workspaces": {
    "": {
      "name": "website-change-detection",
      "dependencies": {
        "@typescript/native-preview": "^7.0.0-dev.20260101.1",
        "cheerio": "^1.0.0-rc.12",
        "diff": "^5.2.0",
        "lefthook": "^2.0.13",
        "xpath": "^0.0.32",
        "yaml": "^2.4.0",
      },
      "devDependencies": {
        "@biomejs/biome": "^2.3.10",
        "@types/bun": "^1.1.0",
        "@types/diff": "^5.2.0",
        "@types/node": "^20.11.0",
        "typescript": "^5.3.0",
      },
    },
  },
  "packages": {
    "@biomejs/biome": ["@biomejs/biome@2.3.10", "", { "optionalDependencies": { "@biomejs/cli-darwin-arm64": "2.3.10", "@biomejs/cli-darwin-x64": "2.3.10", "@biomejs/cli-linux-arm64": "2.3.10", "@biomejs/cli-linux-arm64-musl": "2.3.10", "@biomejs/cli-linux-x64": "2.3.10", "@biomejs/cli-linux-x64-musl": "2.3.10", "@biomejs/cli-win32-arm64": "2.3.10", "@biomejs/cli-win32-x64": "2.3.10" }, "bin": { "biome": "bin/biome" } }, "sha512-/uWSUd1MHX2fjqNLHNL6zLYWBbrJeG412/8H7ESuK8ewoRoMPUgHDebqKrPTx/5n6f17Xzqc9hdg3MEqA5hXnQ=="],

    "@biomejs/cli-darwin-arm64": ["@biomejs/cli-darwin-arm64@2.3.10", "", { "os": "darwin", "cpu": "arm64" }, "sha512-M6xUjtCVnNGFfK7HMNKa593nb7fwNm43fq1Mt71kpLpb+4mE7odO8W/oWVDyBVO4ackhresy1ZYO7OJcVo/B7w=="],

    "@biomejs/cli-darwin-x64": ["@biomejs/cli-darwin-x64@2.3.10", "", { "os": "darwin", "cpu": "x64" }, "sha512-Vae7+V6t/Avr8tVbFNjnFSTKZogZHFYl7MMH62P/J1kZtr0tyRQ9Fe0onjqjS2Ek9lmNLmZc/VR5uSekh+p1fg=="],

    "@biomejs/cli-linux-arm64": ["@biomejs/cli-linux-arm64@2.3.10", "", { "os": "linux", "cpu": "arm64" }, "sha512-hhPw2V3/EpHKsileVOFynuWiKRgFEV48cLe0eA+G2wO4SzlwEhLEB9LhlSrVeu2mtSn205W283LkX7Fh48CaxA=="],

    "@biomejs/cli-linux-arm64-musl": ["@biomejs/cli-linux-arm64-musl@2.3.10", "", { "os": "linux", "cpu": "arm64" }, "sha512-B9DszIHkuKtOH2IFeeVkQmSMVUjss9KtHaNXquYYWCjH8IstNgXgx5B0aSBQNr6mn4RcKKRQZXn9Zu1rM3O0/A=="],

    "@biomejs/cli-linux-x64": ["@biomejs/cli-linux-x64@2.3.10", "", { "os": "linux", "cpu": "x64" }, "sha512-wwAkWD1MR95u+J4LkWP74/vGz+tRrIQvr8kfMMJY8KOQ8+HMVleREOcPYsQX82S7uueco60L58Wc6M1I9WA9Dw=="],

    "@biomejs/cli-linux-x64-musl": ["@biomejs/cli-linux-x64-musl@2.3.10", "", { "os": "linux", "cpu": "x64" }, "sha512-QTfHZQh62SDFdYc2nfmZFuTm5yYb4eO1zwfB+90YxUumRCR171tS1GoTX5OD0wrv4UsziMPmrePMtkTnNyYG3g=="],

    "@biomejs/cli-win32-arm64": ["@biomejs/cli-win32-arm64@2.3.10", "", { "os": "win32", "cpu": "arm64" }, "sha512-o7lYc9n+CfRbHvkjPhm8s9FgbKdYZu5HCcGVMItLjz93EhgJ8AM44W+QckDqLA9MKDNFrR8nPbO4b73VC5kGGQ=="],

    "@biomejs/cli-win32-x64": ["@biomejs/cli-win32-x64@2.3.10", "", { "os": "win32", "cpu": "x64" }, "sha512-pHEFgq7dUEsKnqG9mx9bXihxGI49X+ar+UBrEIj3Wqj3UCZp1rNgV+OoyjFgcXsjCWpuEAF4VJdkZr3TrWdCbQ=="],

    "@types/bun": ["@types/bun@1.3.5", "", { "dependencies": { "bun-types": "1.3.5" } }, "sha512-RnygCqNrd3srIPEWBd5LFeUYG7plCoH2Yw9WaZGyNmdTEei+gWaHqydbaIRkIkcbXwhBT94q78QljxN0Sk838w=="],

    "@types/diff": ["@types/diff@5.2.3", "", {}, "sha512-K0Oqlrq3kQMaO2RhfrNQX5trmt+XLyom88zS0u84nnIcLvFnRUMRRHmrGny5GSM+kNO9IZLARsdQHDzkhAgmrQ=="],

    "@types/node": ["@types/node@20.19.27", "", { "dependencies": { "undici-types": "~6.21.0" } }, "sha512-N2clP5pJhB2YnZJ3PIHFk5RkygRX5WO/5f0WC08tp0wd+sv0rsJk3MqWn3CbNmT2J505a5336jaQj4ph1AdMug=="],

    "@typescript/native-preview": ["@typescript/native-preview@7.0.0-dev.20260101.1", "", { "optionalDependencies": { "@typescript/native-preview-darwin-arm64": "7.0.0-dev.20260101.1", "@typescript/native-preview-darwin-x64": "7.0.0-dev.20260101.1", "@typescript/native-preview-linux-arm": "7.0.0-dev.20260101.1", "@typescript/native-preview-linux-arm64": "7.0.0-dev.20260101.1", "@typescript/native-preview-linux-x64": "7.0.0-dev.20260101.1", "@typescript/native-preview-win32-arm64": "7.0.0-dev.20260101.1", "@typescript/native-preview-win32-x64": "7.0.0-dev.20260101.1" }, "bin": { "tsgo": "bin/tsgo.js" } }, "sha512-jcepDhtyTQbLIccBGatYR6x/ybAauDXLXYgNAW0MdIHx0YVa3XIF9kpSEE6Zq4RB9k/tHw5mwp0VgB7XDkMq1Q=="],

    "@typescript/native-preview-darwin-arm64": ["@typescript/native-preview-darwin-arm64@7.0.0-dev.20260101.1", "", { "os": "darwin", "cpu": "arm64" }, "sha512-V4oWbFO5QBqvb4ra4QMFt6OV4QlEkODzn5XE+W0BdA03eQ/SljvbC0QAZqI/qNKWOqC8eXM4N3EViZEK2Dq2vQ=="],

    "@typescript/native-preview-darwin-x64": ["@typescript/native-preview-darwin-x64@7.0.0-dev.20260101.1", "", { "os": "darwin", "cpu": "x64" }, "sha512-GVQD7TUbgBQqRCwY80N5x1lP8DNpinxE7s1JyAFOc1tBOcHrIsBmGEIP/PGnJAbWbT1cJmsLIqLH+y5VWwE1cA=="],

    "@typescript/native-preview-linux-arm": ["@typescript/native-preview-linux-arm@7.0.0-dev.20260101.1", "", { "os": "linux", "cpu": "arm" }, "sha512-XVSkBoVC0jSNR1IO0z+T//67q0kqUY3cuYLbV0/V1z/HMxk9R8lo0UC9NP2KBsUe/MV0p3hQQFJUcqTrNfxKZA=="],

    "@typescript/native-preview-linux-arm64": ["@typescript/native-preview-linux-arm64@7.0.0-dev.20260101.1", "", { "os": "linux", "cpu": "arm64" }, "sha512-IgTHV1WgajBz3W4cyNk8nCuwBrLD+00pZu7AwTfu31UPyTnnfI54+VjjK0Pz5FZN+D5Tnvy/VTaNzSbxOG7+7g=="],

    "@typescript/native-preview-linux-x64": ["@typescript/native-preview-linux-x64@7.0.0-dev.20260101.1", "", { "os": "linux", "cpu": "x64" }, "sha512-1mrQsJycVCTCNXL5bG6WoNaazO0tkebW3TC05fuL1gDPFVhxE1ou1PrT9adMjilzNraYO3L+It2wm/gfPcbj+Q=="],

    "@typescript/native-preview-win32-arm64": ["@typescript/native-preview-win32-arm64@7.0.0-dev.20260101.1", "", { "os": "win32", "cpu": "arm64" }, "sha512-eFYYewyCHOt9sMmtl93b+dfNMsqD7mSQGvMym/Ih/LHreB4PJbP3XzA22/3yVl3pc0OmGqjnRAR1AEGr9AVI8g=="],

    "@typescript/native-preview-win32-x64": ["@typescript/native-preview-win32-x64@7.0.0-dev.20260101.1", "", { "os": "win32", "cpu": "x64" }, "sha512-lXOY+YXrq6ZzKbG6Exa5HmgLcRKxcEqi07r824JlQ/ENrK9Vj3LTSqXPRNbsF+EjQCQIkghROfkBtXWHm2kprQ=="],

    "boolbase": ["boolbase@1.0.0", "", {}, "sha512-JZOSA7Mo9sNGB8+UjSgzdLtokWAky1zbztM3WRLCbZ70/3cTANmQmOdR7y2g+J0e2WXywy1yS468tY+IruqEww=="],

    "bun-types": ["bun-types@1.3.5", "", { "dependencies": { "@types/node": "*" } }, "sha512-inmAYe2PFLs0SUbFOWSVD24sg1jFlMPxOjOSSCYqUgn4Hsc3rDc7dFvfVYjFPNHtov6kgUeulV4SxbuIV/stPw=="],

    "cheerio": ["cheerio@1.1.2", "", { "dependencies": { "cheerio-select": "^2.1.0", "dom-serializer": "^2.0.0", "domhandler": "^5.0.3", "domutils": "^3.2.2", "encoding-sniffer": "^0.2.1", "htmlparser2": "^10.0.0", "parse5": "^7.3.0", "parse5-htmlparser2-tree-adapter": "^7.1.0", "parse5-parser-stream": "^7.1.2", "undici": "^7.12.0", "whatwg-mimetype": "^4.0.0" } }, "sha512-IkxPpb5rS/d1IiLbHMgfPuS0FgiWTtFIm/Nj+2woXDLTZ7fOT2eqzgYbdMlLweqlHbsZjxEChoVK+7iph7jyQg=="],

    "cheerio-select": ["cheerio-select@2.1.0", "", { "dependencies": { "boolbase": "^1.0.0", "css-select": "^5.1.0", "css-what": "^6.1.0", "domelementtype": "^2.3.0", "domhandler": "^5.0.3", "domutils": "^3.0.1" } }, "sha512-9v9kG0LvzrlcungtnJtpGNxY+fzECQKhK4EGJX2vByejiMX84MFNQw4UxPJl3bFbTMw+Dfs37XaIkCwTZfLh4g=="],

    "css-select": ["css-select@5.2.2", "", { "dependencies": { "boolbase": "^1.0.0", "css-what": "^6.1.0", "domhandler": "^5.0.2", "domutils": "^3.0.1", "nth-check": "^2.0.1" } }, "sha512-TizTzUddG/xYLA3NXodFM0fSbNizXjOKhqiQQwvhlspadZokn1KDy0NZFS0wuEubIYAV5/c1/lAr0TaaFXEXzw=="],

    "css-what": ["css-what@6.2.2", "", {}, "sha512-u/O3vwbptzhMs3L1fQE82ZSLHQQfto5gyZzwteVIEyeaY5Fc7R4dapF/BvRoSYFeqfBk4m0V1Vafq5Pjv25wvA=="],

    "diff": ["diff@5.2.0", "", {}, "sha512-uIFDxqpRZGZ6ThOk84hEfqWoHx2devRFvpTZcTHur85vImfaxUbTW9Ryh4CpCuDnToOP1CEtXKIgytHBPVff5A=="],

    "dom-serializer": ["dom-serializer@2.0.0", "", { "dependencies": { "domelementtype": "^2.3.0", "domhandler": "^5.0.2", "entities": "^4.2.0" } }, "sha512-wIkAryiqt/nV5EQKqQpo3SToSOV9J0DnbJqwK7Wv/Trc92zIAYZ4FlMu+JPFW1DfGFt81ZTCGgDEabffXeLyJg=="],

    "domelementtype": ["domelementtype@2.3.0", "", {}, "sha512-OLETBj6w0OsagBwdXnPdN0cnMfF9opN69co+7ZrbfPGrdpPVNBUj02spi6B1N7wChLQiPn4CSH/zJvXw56gmHw=="],

    "domhandler": ["domhandler@5.0.3", "", { "dependencies": { "domelementtype": "^2.3.0" } }, "sha512-cgwlv/1iFQiFnU96XXgROh8xTeetsnJiDsTc7TYCLFd9+/WNkIqPTxiM/8pSd8VIrhXGTf1Ny1q1hquVqDJB5w=="],

    "domutils": ["domutils@3.2.2", "", { "dependencies": { "dom-serializer": "^2.0.0", "domelementtype": "^2.3.0", "domhandler": "^5.0.3" } }, "sha512-6kZKyUajlDuqlHKVX1w7gyslj9MPIXzIFiz/rGu35uC1wMi+kMhQwGhl4lt9unC9Vb9INnY9Z3/ZA3+FhASLaw=="],

    "encoding-sniffer": ["encoding-sniffer@0.2.1", "", { "dependencies": { "iconv-lite": "^0.6.3", "whatwg-encoding": "^3.1.1" } }, "sha512-5gvq20T6vfpekVtqrYQsSCFZ1wEg5+wW0/QaZMWkFr6BqD3NfKs0rLCx4rrVlSWJeZb5NBJgVLswK/w2MWU+Gw=="],

    "entities": ["entities@4.5.0", "", {}, "sha512-V0hjH4dGPh9Ao5p0MoRY6BVqtwCjhz6vI5LT8AJ55H+4g9/4vbHx1I54fS0XuclLhDHArPQCiMjDxjaL8fPxhw=="],

    "htmlparser2": ["htmlparser2@10.0.0", "", { "dependencies": { "domelementtype": "^2.3.0", "domhandler": "^5.0.3", "domutils": "^3.2.1", "entities": "^6.0.0" } }, "sha512-TwAZM+zE5Tq3lrEHvOlvwgj1XLWQCtaaibSN11Q+gGBAS7Y1uZSWwXXRe4iF6OXnaq1riyQAPFOBtYc77Mxq0g=="],

    "iconv-lite": ["iconv-lite@0.6.3", "", { "dependencies": { "safer-buffer": ">= 2.1.2 < 3.0.0" } }, "sha512-4fCk79wshMdzMp2rH06qWrJE4iolqLhCUH+OiuIgU++RB0+94NlDL81atO7GX55uUKueo0txHNtvEyI6D7WdMw=="],

    "lefthook": ["lefthook@2.0.13", "", { "optionalDependencies": { "lefthook-darwin-arm64": "2.0.13", "lefthook-darwin-x64": "2.0.13", "lefthook-freebsd-arm64": "2.0.13", "lefthook-freebsd-x64": "2.0.13", "lefthook-linux-arm64": "2.0.13", "lefthook-linux-x64": "2.0.13", "lefthook-openbsd-arm64": "2.0.13", "lefthook-openbsd-x64": "2.0.13", "lefthook-windows-arm64": "2.0.13", "lefthook-windows-x64": "2.0.13" }, "bin": { "lefthook": "bin/index.js" } }, "sha512-D39rCVl7/GpqakvhQvqz07SBpzUWTvWjXKnBZyIy8O6D+Lf9xD6tnbHtG5nWXd9iPvv1AKGQwL9R/e5rNtV6SQ=="],

    "lefthook-darwin-arm64": ["lefthook-darwin-arm64@2.0.13", "", { "os": "darwin", "cpu": "arm64" }, "sha512-KbQqpNSNTugjtPzt97CNcy/XZy5asJ0+uSLoHc4ML8UCJdsXKYJGozJHNwAd0Xfci/rQlj82A7rPOuTdh0jY0Q=="],

    "lefthook-darwin-x64": ["lefthook-darwin-x64@2.0.13", "", { "os": "darwin", "cpu": "x64" }, "sha512-s/vI6sEE8/+rE6CONZzs59LxyuSc/KdU+/3adkNx+Q13R1+p/AvQNeszg3LAHzXmF3NqlxYf8jbj/z5vBzEpRw=="],

    "lefthook-freebsd-arm64": ["lefthook-freebsd-arm64@2.0.13", "", { "os": "freebsd", "cpu": "arm64" }, "sha512-iQeJTU7Zl8EJlCMQxNZQpJFAQ9xl40pydUIv5SYnbJ4nqIr9ONuvrioNv6N2LtKP5aBl1nIWQQ9vMjgVyb3k+A=="],

    "lefthook-freebsd-x64": ["lefthook-freebsd-x64@2.0.13", "", { "os": "freebsd", "cpu": "x64" }, "sha512-99cAXKRIzpq/u3obUXbOQJCHP+0ZkJbN3TF+1ZQZlRo3Y6+mPSCg9fh/oi6dgbtu4gTI5Ifz3o5p2KZzAIF9ZQ=="],

    "lefthook-linux-arm64": ["lefthook-linux-arm64@2.0.13", "", { "os": "linux", "cpu": "arm64" }, "sha512-RWarenY3kLy/DT4/8dY2bwDlYwlELRq9MIFq+FiMYmoBHES3ckWcLX2JMMlM49Y672paQc7MbneSrNUn/FQWhg=="],

    "lefthook-linux-x64": ["lefthook-linux-x64@2.0.13", "", { "os": "linux", "cpu": "x64" }, "sha512-QZRcxXGf8Uj/75ITBqoBh0zWhJE7+uFoRxEHwBq0Qjv55Q4KcFm7FBN/IFQCSd14reY5pmY3kDaWVVy60cAGJA=="],

    "lefthook-openbsd-arm64": ["lefthook-openbsd-arm64@2.0.13", "", { "os": "openbsd", "cpu": "arm64" }, "sha512-LAuOWwnNmOlRE0RxKMOhIz5Kr9tXi0rCjzXtDARW9lvfAV6Br2wP+47q0rqQ8m/nVwBYoxfJ/RDunLbb86O1nA=="],

    "lefthook-openbsd-x64": ["lefthook-openbsd-x64@2.0.13", "", { "os": "openbsd", "cpu": "x64" }, "sha512-n9TIN3QLncyxOHomiKKwzDFHKOCm5H28CVNAZFouKqDwEaUGCs5TJI88V85j4/CgmLVUU8uUn4ClVCxIWYG59w=="],

    "lefthook-windows-arm64": ["lefthook-windows-arm64@2.0.13", "", { "os": "win32", "cpu": "arm64" }, "sha512-sdSC4F9Di7y0t43Of9MOA5g/0CmvkM4juQ3sKfUhRcoygetLJn4PR2/pvuDOIaGf4mNMXBP5IrcKaeDON9HrcA=="],

    "lefthook-windows-x64": ["lefthook-windows-x64@2.0.13", "", { "os": "win32", "cpu": "x64" }, "sha512-ccl1v7Fl10qYoghEtjXN+JC1x/y/zLM/NSHf3NFGeKEGBNd1P5d/j6w8zVmhfzi+ekS8whXrcNbRAkLdAqUrSw=="],

    "nth-check": ["nth-check@2.1.1", "", { "dependencies": { "boolbase": "^1.0.0" } }, "sha512-lqjrjmaOoAnWfMmBPL+XNnynZh2+swxiX3WUE0s4yEHI6m+AwrK2UZOimIRl3X/4QctVqS8AiZjFqyOGrMXb/w=="],

    "parse5": ["parse5@7.3.0", "", { "dependencies": { "entities": "^6.0.0" } }, "sha512-IInvU7fabl34qmi9gY8XOVxhYyMyuH2xUNpb2q8/Y+7552KlejkRvqvD19nMoUW/uQGGbqNpA6Tufu5FL5BZgw=="],

    "parse5-htmlparser2-tree-adapter": ["parse5-htmlparser2-tree-adapter@7.1.0", "", { "dependencies": { "domhandler": "^5.0.3", "parse5": "^7.0.0" } }, "sha512-ruw5xyKs6lrpo9x9rCZqZZnIUntICjQAd0Wsmp396Ul9lN/h+ifgVV1x1gZHi8euej6wTfpqX8j+BFQxF0NS/g=="],

    "parse5-parser-stream": ["parse5-parser-stream@7.1.2", "", { "dependencies": { "parse5": "^7.0.0" } }, "sha512-JyeQc9iwFLn5TbvvqACIF/VXG6abODeB3Fwmv/TGdLk2LfbWkaySGY72at4+Ty7EkPZj854u4CrICqNk2qIbow=="],

    "safer-buffer": ["safer-buffer@2.1.2", "", {}, "sha512-YZo3K82SD7Riyi0E1EQPojLz7kpepnSQI9IyPbHHg1XXXevb5dJI7tpyN2ADxGcQbHG7vcyRHk0cbwqcQriUtg=="],

    "typescript": ["typescript@5.9.3", "", { "bin": { "tsc": "bin/tsc", "tsserver": "bin/tsserver" } }, "sha512-jl1vZzPDinLr9eUt3J/t7V6FgNEw9QjvBPdysz9KfQDD41fQrC2Y4vKQdiaUpFT4bXlb1RHhLpp8wtm6M5TgSw=="],

    "undici": ["undici@7.16.0", "", {}, "sha512-QEg3HPMll0o3t2ourKwOeUAZ159Kn9mx5pnzHRQO8+Wixmh88YdZRiIwat0iNzNNXn0yoEtXJqFpyW7eM8BV7g=="],

    "undici-types": ["undici-types@6.21.0", "", {}, "sha512-iwDZqg0QAGrg9Rav5H4n0M64c3mkR59cJ6wQp+7C4nI0gsmExaedaYLNO44eT4AtBBwjbTiGPMlt2Md0T9H9JQ=="],

    "whatwg-encoding": ["whatwg-encoding@3.1.1", "", { "dependencies": { "iconv-lite": "0.6.3" } }, "sha512-6qN4hJdMwfYBtE3YBTTHhoeuUrDBPZmbQaxWAqSALV/MeEnR5z1xd8UKud2RAkFoPkmB+hli1TZSnyi84xz1vQ=="],

    "whatwg-mimetype": ["whatwg-mimetype@4.0.0", "", {}, "sha512-QaKxh0eNIi2mE9p2vEdzfagOKHCcj1pJ56EEHGQOVxp8r9/iszLUUV7v89x9O1p/T+NlTM5W7jW6+cz4Fq1YVg=="],

    "xpath": ["xpath@0.0.32", "", {}, "sha512-rxMJhSIoiO8vXcWvSifKqhvV96GjiD5wYb8/QHdoRyQvraTpp4IEv944nhGausZZ3u7dhQXteZuZbaqfpB7uYw=="],

    "yaml": ["yaml@2.8.2", "", { "bin": { "yaml": "bin.mjs" } }, "sha512-mplynKqc1C2hTVYxd0PU2xQAc22TI1vShAYGksCCfxbn/dFwnHTNi1bvYsBTkhdUNtGIf5xNOg938rrSSYvS9A=="],

    "htmlparser2/entities": ["entities@6.0.1", "", {}, "sha512-aN97NXWF6AWBTahfVOIrB/NShkzi5H7F9r1s9mD3cDj4Ko5f2qhhVoYMibXF7GlLveb/D2ioWay8lxI97Ven3g=="],

    "parse5/entities": ["entities@6.0.1", "", {}, "sha512-aN97NXWF6AWBTahfVOIrB/NShkzi5H7F9r1s9mD3cDj4Ko5f2qhhVoYMibXF7GlLveb/D2ioWay8lxI97Ven3g=="],
  }
}
