{
  "lockfileVersion": 1,
  "configVersion": 1,
  "workspaces": {
    "": {
      "name": "changebot",
      "devDependencies": {
        "@biomejs/biome": "2.5.7",
        "knip": "6.32.1",
      },
    },
  },
  "packages": {
    "@biomejs/biome": ["@biomejs/biome@2.5.7", "", { "optionalDependencies": { "@biomejs/cli-darwin-arm64": "2.5.7", "@biomejs/cli-darwin-x64": "2.5.7", "@biomejs/cli-linux-arm64": "2.5.7", "@biomejs/cli-linux-arm64-musl": "2.5.7", "@biomejs/cli-linux-x64": "2.5.7", "@biomejs/cli-linux-x64-musl": "2.5.7", "@biomejs/cli-win32-arm64": "2.5.7", "@biomejs/cli-win32-x64": "2.5.7" }, "bin": { "biome": "bin/biome" } }, "sha512-zr8K/DcY5tYsQOQwqMJ0AWElo6QgmgNI7idXgXLhevVszlt8RGVpesEJPqx3ThazLaOwjJ5Y8fz3BtH5fGZNsw=="],

    "@biomejs/cli-darwin-arm64": ["@biomejs/cli-darwin-arm64@2.5.7", "", { "os": "darwin", "cpu": "arm64" }, "sha512-vxo/Ls3/PYdQWyLhYYcgMOCzQypAjcY+iihS8M0wW03l16TCLW4zqZzGo75gm1VdCMj38hTVZ31KBWrZ4G9dJw=="],

    "@biomejs/cli-darwin-x64": ["@biomejs/cli-darwin-x64@2.5.7", "", { "os": "darwin", "cpu": "x64" }, "sha512-Cd3Ga61amT/Yl/0x8elP5hhGYaFy4bw6WuysTgf7oo8TA5tJ5A1k+DkVoJ2BHbTVil51gTX9VPzArnrlLJ3Kyg=="],

    "@biomejs/cli-linux-arm64": ["@biomejs/cli-linux-arm64@2.5.7", "", { "os": "linux", "cpu": "arm64" }, "sha512-rR2QE0yF2GYSuYuKIa7pKvODGJqnOH+2eDREAM8wV+mWKSkMQKdAp4zXEZfTaxY8PMoNONnpgSWcBCyLDPDOKg=="],

    "@biomejs/cli-linux-arm64-musl": ["@biomejs/cli-linux-arm64-musl@2.5.7", "", { "os": "linux", "cpu": "arm64" }, "sha512-xPI5yB6XlpDbNkS+bm1t42olw5c4l3UrlOmLg7KtLJvjvkNF/1V4tnUgfkylGIeb3u/T+BzMGYqgQhzjAoJzuQ=="],

    "@biomejs/cli-linux-x64": ["@biomejs/cli-linux-x64@2.5.7", "", { "os": "linux", "cpu": "x64" }, "sha512-FQgqJhscrqJUFptGaRSUJWlXAExwWcDwLuK49dvKfkQ1bB5SEEyFssnsxQY83Xm6jR0EbbX3+8+D5bfvYqUG2Q=="],

    "@biomejs/cli-linux-x64-musl": ["@biomejs/cli-linux-x64-musl@2.5.7", "", { "os": "linux", "cpu": "x64" }, "sha512-rE5VZi+qtmPgQH+l7jVxYoZ18b/TiHEhulhMpjmCZH1PltSbjRcxNWywC3HZ9tYottG7ORkeTtoscBilKSBm0g=="],

    "@biomejs/cli-win32-arm64": ["@biomejs/cli-win32-arm64@2.5.7", "", { "os": "win32", "cpu": "arm64" }, "sha512-Oq4x0CCwP4jirrcTywXs5kOGZ4v5vuEP+gWrbtjApOA2CL9F3F9GlIdQIci8AKSCa/zURanMRpX/4wQ7Am6hHg=="],

    "@biomejs/cli-win32-x64": ["@biomejs/cli-win32-x64@2.5.7", "", { "os": "win32", "cpu": "x64" }, "sha512-V+0wu/nrj2S+MhP4EQ0uHNolP0IALEsz45pg0WoKkHfDeh0+ItHwP/p7bX5RPoMOl9NkpHYWdYPhIcy2mACHvQ=="],

    "@emnapi/core": ["@emnapi/core@1.11.2", "", { "dependencies": { "@emnapi/wasi-threads": "1.2.2", "tslib": "^2.4.0" } }, "sha512-TC8MkTuZUtcTSiFeuC0ksCh9QIJ5+F21MvZ4Wn4ORfYaFJ/0dsiudv5tVkejgwZlwQ39jL9WWDe2lz8x0WglOA=="],

    "@emnapi/runtime": ["@emnapi/runtime@1.11.2", "", { "dependencies": { "tslib": "^2.4.0" } }, "sha512-kyOl3X0DuTiT1h2ft8r2fYO8JYtU9a9Xis/zBSiGArNaagCOWx90N1k2wxp18czFDH+OgcWGb5ZP/XMt3dcyPA=="],

    "@emnapi/wasi-threads": ["@emnapi/wasi-threads@1.2.2", "", { "dependencies": { "tslib": "^2.4.0" } }, "sha512-c95qOXkHdydNKhscBTebqEC1CVAZpyqOfVfBzQ1qgzyl3gfeldUjIggDbIZgDKsHLgnsM+igH7TJ/eAasaVuMA=="],

    "@napi-rs/wasm-runtime": ["@napi-rs/wasm-runtime@1.2.2", "", { "dependencies": { "@tybys/wasm-util": "^0.10.3" }, "peerDependencies": { "@emnapi/core": "^1.7.1 || ^2.0.0-alpha.3", "@emnapi/runtime": "^1.7.1 || ^2.0.0-alpha.3" } }, "sha512-JfB4kuJQjaoHuCTseIINHtHWeJnvgEcxjwA5t/Y00ZgaOO1Crz3fjT/p8kT28zA/Caz7oiUMn3d6H2yOVCVwuw=="],

    "@oxc-parser/binding-android-arm-eabi": ["@oxc-parser/binding-android-arm-eabi@0.142.0", "", { "os": "android", "cpu": "arm" }, "sha512-ZiRGDutGsv1G6bL/ozy/koC0Sv39T1DqyoC4KD1DOy9ZoACm1O5UWhEK2c02Qdk+4lfLVkvFa/mQ0fm/4h1BtQ=="],

    "@oxc-parser/binding-android-arm64": ["@oxc-parser/binding-android-arm64@0.142.0", "", { "os": "android", "cpu": "arm64" }, "sha512-WZkvGRLNQTz8lR9zP5nLjUdlroRCopBu3g9zF1p/laE6DzT1UbQo8Rdz5MWhaJUPYg/6gp+jo7HUgsyKaN1FtQ=="],

    "@oxc-parser/binding-darwin-arm64": ["@oxc-parser/binding-darwin-arm64@0.142.0", "", { "os": "darwin", "cpu": "arm64" }, "sha512-l4khS8LQOOVYsGRVARo1gSaCT/aBSceUVXgtovWc2+drnxVuDr082WA3OCHVdVzIz5JIrP/y9CWsSKxBDNmYGg=="],

    "@oxc-parser/binding-darwin-x64": ["@oxc-parser/binding-darwin-x64@0.142.0", "", { "os": "darwin", "cpu": "x64" }, "sha512-QBsNF3nqlXmcH2B1YOPqQYmCJoy4HuIjUxGbBO/k5JAJUl68ghU2psRY2zPk+RyBaWqKP/qfL4oaFgEMCdwskA=="],

    "@oxc-parser/binding-freebsd-x64": ["@oxc-parser/binding-freebsd-x64@0.142.0", "", { "os": "freebsd", "cpu": "x64" }, "sha512-b7Q7m4Cqc6XqNhri3R+QhU+GVy646Pn+bkdhrDdWym/Fdi0ZUa+d73H9dm5H91JtbtAQ/z1d8XKMW3oOV8a4tQ=="],

    "@oxc-parser/binding-linux-arm-gnueabihf": ["@oxc-parser/binding-linux-arm-gnueabihf@0.142.0", "", { "os": "linux", "cpu": "arm" }, "sha512-3riVS5IhdH3uCZj1Y9ftDQlR0dvLsIlw/edrRqk8JhgNd5K0XSs+UBtgh50N13CAlW9/TXj6sVGXaKNBocd0Yg=="],

    "@oxc-parser/binding-linux-arm-musleabihf": ["@oxc-parser/binding-linux-arm-musleabihf@0.142.0", "", { "os": "linux", "cpu": "arm" }, "sha512-NmXUOpgpTSkhl795TiXmWppTwmSJ92RC1qvD6e4XOF+slgmo3e6Ah+kEu+6AN8s7NAOEwqGmir58MgSQSWmBSA=="],

    "@oxc-parser/binding-linux-arm64-gnu": ["@oxc-parser/binding-linux-arm64-gnu@0.142.0", "", { "os": "linux", "cpu": "arm64" }, "sha512-gc0EXsKtXgerujmU2Bql3u1L1HsSQ2774R83idq/FoNMPVV/RY/1ErFsvnit7KoiP/sLvzQixeUo4Ut0ic0wmw=="],

    "@oxc-parser/binding-linux-arm64-musl": ["@oxc-parser/binding-linux-arm64-musl@0.142.0", "", { "os": "linux", "cpu": "arm64" }, "sha512-F2XvmWSE0uWpie+jHKKIFgdVOe9ypGhkEZxKx5DuW215K6cbAC274yYaPkcM7EqY4Df3Weyhpcz3lsURyH2LVg=="],

    "@oxc-parser/binding-linux-ppc64-gnu": ["@oxc-parser/binding-linux-ppc64-gnu@0.142.0", "", { "os": "linux", "cpu": "ppc64" }, "sha512-wLMbT21U/QxknQsk+VvNF0b9D2/aGWhcaQQQ+VYlE8FwD5+GoWZIPPXNzyHmkYyhm0KB3itL+TBavjMatqNnYA=="],

    "@oxc-parser/binding-linux-riscv64-gnu": ["@oxc-parser/binding-linux-riscv64-gnu@0.142.0", "", { "os": "linux", "cpu": "none" }, "sha512-+G8F/4ckwT7FCJV4H2bt09xEzJbjNCfuL4Sp1AYNaFtFMVtgIGMuJlteT82U+K0UIZ/DzAR/LDlMFnEuajG7Kw=="],

    "@oxc-parser/binding-linux-riscv64-musl": ["@oxc-parser/binding-linux-riscv64-musl@0.142.0", "", { "os": "linux", "cpu": "none" }, "sha512-hTsHtTLxMAfCo+rpF5K3qZJKW2NpPN/CHd4mYB3y7XlSdspHkd2gehDIofP64AacA9nWQw2tY3O7wR6UY8IVOA=="],

    "@oxc-parser/binding-linux-s390x-gnu": ["@oxc-parser/binding-linux-s390x-gnu@0.142.0", "", { "os": "linux", "cpu": "s390x" }, "sha512-6y7qYY3TCUDYjqswImdTGl92y+KA/80twALegQPN27kfY+bG7Ib1+L3jbmrCZQx6wrVnai9IPsEZp07I0hx7JQ=="],

    "@oxc-parser/binding-linux-x64-gnu": ["@oxc-parser/binding-linux-x64-gnu@0.142.0", "", { "os": "linux", "cpu": "x64" }, "sha512-i69kAWU+2LgoH5bR+zWiiu+UzAw7Oxkwv7COeJTeY19pn4e70nKQcr9Pm6cL2Z0Z54d+gl9qADlK/0yyuCPiBA=="],

    "@oxc-parser/binding-linux-x64-musl": ["@oxc-parser/binding-linux-x64-musl@0.142.0", "", { "os": "linux", "cpu": "x64" }, "sha512-4SQs678MmjYVrmhAgCWD4o0vpaFszXw9xLX5p2Z9MMFcltxiLkA88wQjh80YHjPrXtpyZ2CWI5m+1yNKM0m2Pw=="],

    "@oxc-parser/binding-openharmony-arm64": ["@oxc-parser/binding-openharmony-arm64@0.142.0", "", { "os": "none", "cpu": "arm64" }, "sha512-YHpx9N7Ln3a++Tc8rv+H7mrK1zyJQOAwCFg8LZ3lTs1T5afGWeZrLPhPT9HLnIwSjCyJqPWVMIrMxbjcmBr2oQ=="],

    "@oxc-parser/binding-wasm32-wasi": ["@oxc-parser/binding-wasm32-wasi@0.142.0", "", { "dependencies": { "@emnapi/core": "1.11.2", "@emnapi/runtime": "1.11.2", "@napi-rs/wasm-runtime": "^1.1.6" }, "cpu": "none" }, "sha512-3pLDyY3+oogW73RM5uehNgAiR/Xfb7fvO2Q1Z1gIqZ2+50XDVQmBVlRkHXZTU4gKnQHpwETNsYQVsJ3joVB2iA=="],

    "@oxc-parser/binding-win32-arm64-msvc": ["@oxc-parser/binding-win32-arm64-msvc@0.142.0", "", { "os": "win32", "cpu": "arm64" }, "sha512-Had/VeVY28Oyb0K+Q4FV8KCzoBycIh93oDK6pCbya9lkzdq+ikMHMgBubsdqqlybjJmQRawCQRrnBRHyQwYvcQ=="],

    "@oxc-parser/binding-win32-ia32-msvc": ["@oxc-parser/binding-win32-ia32-msvc@0.142.0", "", { "os": "win32", "cpu": "ia32" }, "sha512-GGi3+YphVHavvgs6gum2UXoNCqzHAmPt/nXkn8ZQZstV2Q1qZD1Mn8fz/nWrDkefHQtrG/+1/XrbMxsBTo6Svw=="],

    "@oxc-parser/binding-win32-x64-msvc": ["@oxc-parser/binding-win32-x64-msvc@0.142.0", "", { "os": "win32", "cpu": "x64" }, "sha512-Ny/Wv4Us1LGC/ljwNTp+Hx3r/pH15EFfeDF0p+n898gt+TtRd6C9SccHcuUhDiNTb8s5tt7jdeAMDRQZ4Vq6hg=="],

    "@oxc-project/types": ["@oxc-project/types@0.142.0", "", {}, "sha512-7W+2q5AKQVU36fkaryontrHn3YDt1RyUYXatw9i5H8ocYe2sPKSFB6eS8WNPeRKiN1qAWWZUPm7gwFzJGrccqQ=="],

    "@oxc-resolver/binding-android-arm-eabi": ["@oxc-resolver/binding-android-arm-eabi@11.24.2", "", { "os": "android", "cpu": "arm" }, "sha512-y09e0L0SRI2OA2tUIrjBgoV3eH5hvUKXNkJqXmNo5V2WxIjyC7I7aJfRLMEVpA8yi95f90gFDvO0VMgrDw+vwA=="],

    "@oxc-resolver/binding-android-arm64": ["@oxc-resolver/binding-android-arm64@11.24.2", "", { "os": "android", "cpu": "arm64" }, "sha512-cl4icWaZFnLdg8m6qtnh5rBMuGbxc/ptStFHLeCNwr+2cZjkjNwQu/jYRS0CHlnPecOJMpuS5M6/BH+0J/YkEg=="],

    "@oxc-resolver/binding-darwin-arm64": ["@oxc-resolver/binding-darwin-arm64@11.24.2", "", { "os": "darwin", "cpu": "arm64" }, "sha512-At29QEMF6HajbQvgY8K6OXnHD1x9rad74xBEfmCB6ZqCGsdq75aK7tOYcTbOanMy8qdIBrfL3SMr3p/lfSlb9w=="],

    "@oxc-resolver/binding-darwin-x64": ["@oxc-resolver/binding-darwin-x64@11.24.2", "", { "os": "darwin", "cpu": "x64" }, "sha512-A5Kqr1EUj4oIL5CF4WRssq/o5P0Y11cwoFouMRmQ7YnC/A8V93nv1nb7aSU8HwcgmXropjLNkVTl4MN87cu28Q=="],

    "@oxc-resolver/binding-freebsd-x64": ["@oxc-resolver/binding-freebsd-x64@11.24.2", "", { "os": "freebsd", "cpu": "x64" }, "sha512-R5xkRBRRz7ceH/P5Jrc6G7FmdUdgpLYyESFAUDVTNQ9K0sGPxcp4ljiwEwEqsvNcQ4sYbMRrWcHHBCu7ksAJVw=="],

    "@oxc-resolver/binding-linux-arm-gnueabihf": ["@oxc-resolver/binding-linux-arm-gnueabihf@11.24.2", "", { "os": "linux", "cpu": "arm" }, "sha512-k/RuYL4L/R58IBn3wT5ma3Wh4k62bp1eYCFRWCmMsasUOqL+H6sW0VGFadEzKWXFFlz+2uIMoeMk9ySSZJHgbg=="],

    "@oxc-resolver/binding-linux-arm-musleabihf": ["@oxc-resolver/binding-linux-arm-musleabihf@11.24.2", "", { "os": "linux", "cpu": "arm" }, "sha512-bnHAak3ujYfH5pKk4NieFNbvYvernfoQDgwLddbZ3OtMYrem87/qjlA+u+aKG0oZcqSLGCful/6/CEA+aeAgaA=="],

    "@oxc-resolver/binding-linux-arm64-gnu": ["@oxc-resolver/binding-linux-arm64-gnu@11.24.2", "", { "os": "linux", "cpu": "arm64" }, "sha512-vDT3KHgzYp47gmtNOqL2VNhCyl5Zv643eyxm//A68J8DeUGXrvD1pZFiaT4jSfe+RInfnn1R2yVHye4enx6RnA=="],

    "@oxc-resolver/binding-linux-arm64-musl": ["@oxc-resolver/binding-linux-arm64-musl@11.24.2", "", { "os": "linux", "cpu": "arm64" }, "sha512-+kMlQvbzfyEYtu5FcjE4p+ttBLpKW4d/AsAsuE69BxV6V4twZJeIQZFfD8gh/wqglY0MkPSezWXQH0jBV13MUw=="],

    "@oxc-resolver/binding-linux-ppc64-gnu": ["@oxc-resolver/binding-linux-ppc64-gnu@11.24.2", "", { "os": "linux", "cpu": "ppc64" }, "sha512-shjfMhmZ3gq9fv/w7bi3PnZlgOPG+2QAOFf0BJF0EgBSIGZ6PMLN2zbGEblTUYB/NKVDRyYhE2ff3dJ1QqNPkA=="],

    "@oxc-resolver/binding-linux-riscv64-gnu": ["@oxc-resolver/binding-linux-riscv64-gnu@11.24.2", "", { "os": "linux", "cpu": "none" }, "sha512-zGelwFR5oRo+b69k8Lrzun86DyUHzfKN6cnjbR9l7Z7NIRznOE/2ZvPa1IUKqAL2PzAXOdwkfVqNvO1H2RlpAw=="],

    "@oxc-resolver/binding-linux-riscv64-musl": ["@oxc-resolver/binding-linux-riscv64-musl@11.24.2", "", { "os": "linux", "cpu": "none" }, "sha512-qxZ1SWCXJY0eyhAlP6Lmo9F2Nrtx7EkYj9oCgL8apDPCwXwCEDA2U697bbT81JIc2IrVjxO4KX6WU2N+oN9Z4w=="],

    "@oxc-resolver/binding-linux-s390x-gnu": ["@oxc-resolver/binding-linux-s390x-gnu@11.24.2", "", { "os": "linux", "cpu": "s390x" }, "sha512-sGCecF3cx2DFlH4t/z7ApnOnXqN48p5p5mlHDEnHTAukQa2P+qMVE4CwyWE9W+q/m3QJ7kKfGrIjax31f44oFQ=="],

    "@oxc-resolver/binding-linux-x64-gnu": ["@oxc-resolver/binding-linux-x64-gnu@11.24.2", "", { "os": "linux", "cpu": "x64" }, "sha512-k/VlMMcSzMlahb3/fENM4rTlsJ0s3fFROA0KXPBmKggqmTSaE383sl8F3KCOXPLmVsYfW6hCitMhXCEtNeZxxg=="],

    "@oxc-resolver/binding-linux-x64-musl": ["@oxc-resolver/binding-linux-x64-musl@11.24.2", "", { "os": "linux", "cpu": "x64" }, "sha512-8hbnZyNi97b/8wapYaIF9+t9GmZKBW2vunaOc3h9HGJptH7b7XpvZqOTBSm/MpTjr7H497BlgOaSfLUdhmy2bw=="],

    "@oxc-resolver/binding-openharmony-arm64": ["@oxc-resolver/binding-openharmony-arm64@11.24.2", "", { "os": "none", "cpu": "arm64" }, "sha512-MvyGik3a6pVgZ0t/kWlbmFxFLmXQJwgLsY2eYFHLpy0wGwRbfzeIGgDwQ3kXqE30z+kSXennRkCrT7TUvkptNg=="],

    "@oxc-resolver/binding-wasm32-wasi": ["@oxc-resolver/binding-wasm32-wasi@11.24.2", "", { "dependencies": { "@emnapi/core": "1.11.2", "@emnapi/runtime": "1.11.2", "@napi-rs/wasm-runtime": "^1.1.6" }, "cpu": "none" }, "sha512-vHcssMPwO08RTvj/c0iOBz90attxyG3wQJ0dTcyEQK43LRpcdLWZlV5feBhv6Isn6ahbQIzHbCgfa81+RiML0Q=="],

    "@oxc-resolver/binding-win32-arm64-msvc": ["@oxc-resolver/binding-win32-arm64-msvc@11.24.2", "", { "os": "win32", "cpu": "arm64" }, "sha512-uokJqro2iBqkFvJdKQLP7d8/BUmFwESQFVmIJUQKj1Xn1a/LysJoe1vmeECLF5b3jsV8CAL5sEMJXX6SdK9Nhg=="],

    "@oxc-resolver/binding-win32-x64-msvc": ["@oxc-resolver/binding-win32-x64-msvc@11.24.2", "", { "os": "win32", "cpu": "x64" }, "sha512-UqGPmo56KDfLlfXFAFIrNflHT8tFxWGEivWg3Zeyp4Uy2NlKN1FGPr6/BxcLGG3+kZ6Wp14g5Uj+n71boqZfiw=="],

    "@tybys/wasm-util": ["@tybys/wasm-util@0.10.3", "", { "dependencies": { "tslib": "^2.4.0" } }, "sha512-F3fo1MYrRJYL3zER0OUOmkutjr1Vp23m7OsSgp7nq4SP6OqX6C/56XFIPAl5bt3zaBRjmW7SGz3u/6LwFpYcOg=="],

    "fd-package-json": ["fd-package-json@2.0.0", "", { "dependencies": { "walk-up-path": "^4.0.0" } }, "sha512-jKmm9YtsNXN789RS/0mSzOC1NUq9mkVd65vbSSVsKdjGvYXBuE4oWe2QOEoFeRmJg+lPuZxpmrfFclNhoRMneQ=="],

    "fdir": ["fdir@6.5.0", "", { "peerDependencies": { "picomatch": "^3 || ^4" }, "optionalPeers": ["picomatch"] }, "sha512-tIbYtZbucOs0BRGqPJkshJUYdL+SDH7dVM8gjy+ERp3WAUjLEFJE+02kanyHtwjWOnwrKYBiwAmM0p4kLJAnXg=="],

    "formatly": ["formatly@0.3.0", "", { "dependencies": { "fd-package-json": "^2.0.0" }, "bin": { "formatly": "bin/index.mjs" } }, "sha512-9XNj/o4wrRFyhSMJOvsuyMwy8aUfBaZ1VrqHVfohyXf0Sw0e+yfKG+xZaY3arGCOMdwFsqObtzVOc1gU9KiT9w=="],

    "get-tsconfig": ["get-tsconfig@4.14.1", "", { "dependencies": { "resolve-pkg-maps": "^1.0.0" } }, "sha512-Dz/6HxkrxgNehhxLVeyv8sad9UzF2xBVeaKBQNDfJ5XiSXmp2gTR0eO0RWiT2NCKS5aGP9jjkOMggTN90qU50A=="],

    "jiti": ["jiti@2.7.0", "", { "bin": { "jiti": "lib/jiti-cli.mjs" } }, "sha512-AC/7JofJvZGrrneWNaEnJeOLUx+JlGt7tNa0wZiRPT4MY1wmfKjt2+6O2p2uz2+skll8OZZmJMNqeke7kKbNgQ=="],

    "knip": ["knip@6.32.1", "", { "dependencies": { "fdir": "^6.5.0", "formatly": "^0.3.0", "get-tsconfig": "4.14.1", "jiti": "^2.7.0", "oxc-parser": "^0.142.0", "oxc-resolver": "11.24.2", "picomatch": "^4.0.5", "smol-toml": "^1.7.1", "strip-json-comments": "5.0.3", "tinyglobby": "^0.2.17", "unbash": "^4.0.4", "yaml": "^2.9.0", "zod": "^4.4.3" }, "bin": { "knip": "bin/knip.js", "knip-bun": "bin/knip-bun.js" } }, "sha512-mIiIHMTJVUgSlz0mxEgPt7wg8DmfbCp1Txqab3WpbMCJF7YHvHtC9jeAHHXfISMl72N8WzhyG71SQlaqCOGZtg=="],

    "oxc-parser": ["oxc-parser@0.142.0", "", { "dependencies": { "@oxc-project/types": "^0.142.0" }, "optionalDependencies": { "@oxc-parser/binding-android-arm-eabi": "0.142.0", "@oxc-parser/binding-android-arm64": "0.142.0", "@oxc-parser/binding-darwin-arm64": "0.142.0", "@oxc-parser/binding-darwin-x64": "0.142.0", "@oxc-parser/binding-freebsd-x64": "0.142.0", "@oxc-parser/binding-linux-arm-gnueabihf": "0.142.0", "@oxc-parser/binding-linux-arm-musleabihf": "0.142.0", "@oxc-parser/binding-linux-arm64-gnu": "0.142.0", "@oxc-parser/binding-linux-arm64-musl": "0.142.0", "@oxc-parser/binding-linux-ppc64-gnu": "0.142.0", "@oxc-parser/binding-linux-riscv64-gnu": "0.142.0", "@oxc-parser/binding-linux-riscv64-musl": "0.142.0", "@oxc-parser/binding-linux-s390x-gnu": "0.142.0", "@oxc-parser/binding-linux-x64-gnu": "0.142.0", "@oxc-parser/binding-linux-x64-musl": "0.142.0", "@oxc-parser/binding-openharmony-arm64": "0.142.0", "@oxc-parser/binding-wasm32-wasi": "0.142.0", "@oxc-parser/binding-win32-arm64-msvc": "0.142.0", "@oxc-parser/binding-win32-ia32-msvc": "0.142.0", "@oxc-parser/binding-win32-x64-msvc": "0.142.0" } }, "sha512-kKR+jPiRJYJDexVoziIg/FVGvr1fT1FZSSJOk6tVoMKKSlsf1Cso+cgGCJkOEDWOP174vRntCPFKg+AS7InWvw=="],

    "oxc-resolver": ["oxc-resolver@11.24.2", "", { "optionalDependencies": { "@oxc-resolver/binding-android-arm-eabi": "11.24.2", "@oxc-resolver/binding-android-arm64": "11.24.2", "@oxc-resolver/binding-darwin-arm64": "11.24.2", "@oxc-resolver/binding-darwin-x64": "11.24.2", "@oxc-resolver/binding-freebsd-x64": "11.24.2", "@oxc-resolver/binding-linux-arm-gnueabihf": "11.24.2", "@oxc-resolver/binding-linux-arm-musleabihf": "11.24.2", "@oxc-resolver/binding-linux-arm64-gnu": "11.24.2", "@oxc-resolver/binding-linux-arm64-musl": "11.24.2", "@oxc-resolver/binding-linux-ppc64-gnu": "11.24.2", "@oxc-resolver/binding-linux-riscv64-gnu": "11.24.2", "@oxc-resolver/binding-linux-riscv64-musl": "11.24.2", "@oxc-resolver/binding-linux-s390x-gnu": "11.24.2", "@oxc-resolver/binding-linux-x64-gnu": "11.24.2", "@oxc-resolver/binding-linux-x64-musl": "11.24.2", "@oxc-resolver/binding-openharmony-arm64": "11.24.2", "@oxc-resolver/binding-wasm32-wasi": "11.24.2", "@oxc-resolver/binding-win32-arm64-msvc": "11.24.2", "@oxc-resolver/binding-win32-x64-msvc": "11.24.2" } }, "sha512-FY91FiDBj7ls5MsFS9jN3tjz2o0/zsdSsymlakySaBwVJZorHhkWyICLZMKxlu1R9vYo+sd3z1jwb4J8x7bNDw=="],

    "picomatch": ["picomatch@4.0.5", "", {}, "sha512-RvwwcruNjI1ncT5xRakeyS9Lf8lcItv34KD+aif+VH9kduAyfYBipGh12274xtenIPZ119/R9BdTBa8gAwSh0A=="],

    "resolve-pkg-maps": ["resolve-pkg-maps@1.0.0", "", {}, "sha512-seS2Tj26TBVOC2NIc2rOe2y2ZO7efxITtLZcGSOnHHNOQ7CkiUBfw0Iw2ck6xkIhPwLhKNLS8BO+hEpngQlqzw=="],

    "smol-toml": ["smol-toml@1.7.1", "", {}, "sha512-PPlsspAZ4jbMBu5DMFhfUGDQLu/vrL4SyBROVS37x8ynnVmFIs1VPBz1Co8Xks3TvpIaZXmU85y4DrQ+UyVFoQ=="],

    "strip-json-comments": ["strip-json-comments@5.0.3", "", {}, "sha512-1tB5mhVo7U+ETBKNf92xT4hrQa3pm0MZ0PQvuDnWgAAGHDsfp4lPSpiS6psrSiet87wyGPh9ft6wmhOMQ0hDiw=="],

    "tinyglobby": ["tinyglobby@0.2.17", "", { "dependencies": { "fdir": "^6.5.0", "picomatch": "^4.0.4" } }, "sha512-wXR/dYpcqKmfWpEdZjiKJOwCNFndD0DMnrW/cYjVGttEkBfVgcLFHoNrlj47mjOVic9yyNu65alsgF4NQyTa2g=="],

    "tslib": ["tslib@2.8.1", "", {}, "sha512-oJFu94HQb+KVduSUQL7wnpmqnfmLsOA/nAh6b6EH0wCEoK0/mPeXU6c3wKDV83MkOuHPRHtSXKKU99IBazS/2w=="],

    "unbash": ["unbash@4.0.4", "", {}, "sha512-60m9IVGbavD6jholbxt0jVBXZkEB/HsMZq7Tyaghseve2/Sf0zQRAIfWsD34sde+DKP2tBxJS2wP88ZM0D1FhA=="],

    "walk-up-path": ["walk-up-path@4.0.0", "", {}, "sha512-3hu+tD8YzSLGuFYtPRb48vdhKMi0KQV5sn+uWr8+7dMEq/2G/dtLrdDinkLjqq5TIbIBjYJ4Ax/n3YiaW7QM8A=="],

    "yaml": ["yaml@2.9.0", "", { "bin": { "yaml": "bin.mjs" } }, "sha512-2AvhNX3mb8zd6Zy7INTtSpl1F15HW6Wnqj0srWlkKLcpYl/gMIMJiyuGq2KeI2YFxUPjdlB+3Lc10seMLtL4cA=="],

    "zod": ["zod@4.4.3", "", {}, "sha512-ytENFjIJFl2UwYglde2jchW2Hwm4GJFLDiSXWdTrJQBIN9Fcyp7n4DhxJEiWNAJMV1/BqWfW/kkg71UDcHJyTQ=="],
  }
}
